
Microsoft Visual Studio Solution File, Format Version 12.00
# Visual Studio 14
VisualStudioVersion = 14.0.22823.1
MinimumVisualStudioVersion = 10.0.40219.1
Project("{8BC9CEB8-8B4A-11D0-8D11-00A0C91BC942}") = "DuiLib", "DuiLib\DuiLib.vcxproj", "{E106ACD7-4E53-4AEE-942B-D0DD426DB34E}"
EndProject
Project("{8BC9CEB8-8B4A-11D0-8D11-00A0C91BC942}") = "GameDemo", "GameDemo\GameDemo.vcxproj", "{21B017E7-7805-40D5-9D96-AABF572F57D1}"
EndProject
Project("{8BC9CEB8-8B4A-11D0-8D11-00A0C91BC942}") = "TestApp1", "TestApp1\TestApp1.vcxproj", "{41B017E7-7805-40D5-9D96-AABF572F57D1}"
EndProject
Project("{8BC9CEB8-8B4A-11D0-8D11-00A0C91BC942}") = "ListDemo", "ListDemo\ListDemo.vcxproj", "{223017E7-7805-40D5-9D96-AABF572F57D1}"
EndProject
Project("{8BC9CEB8-8B4A-11D0-8D11-00A0C91BC942}") = "360Safe", "360SafeDemo\360SafeDemo.vcxproj", "{463FE628-A176-4C58-B005-3924BFD1E4E6}"
EndProject
Project("{8BC9CEB8-8B4A-11D0-8D11-00A0C91BC942}") = "FlashDemo", "FlashDemo\FlashDemo.vcxproj", "{41B017E7-7805-40D5-9D96-AABF572F5700}"
EndProject
Project("{8BC9CEB8-8B4A-11D0-8D11-00A0C91BC942}") = "QQDemo", "QQDemo\QQDemo.vcxproj", "{5EEA82DD-05C7-477F-8870-942E8758BFFF}"
EndProject
Project("{8BC9CEB8-8B4A-11D0-8D11-00A0C91BC942}") = "MenuDemo", "MenuDemo\MenuDemo.vcxproj", "{11A20D10-E0D7-447F-A546-8E4662C115C5}"
EndProject
Project("{8BC9CEB8-8B4A-11D0-8D11-00A0C91BC942}") = "RichListDemo", "RichListDemo\RichListDemo.vcxproj", "{6F77AFCB-2F96-4573-8882-3578EBA8CA1D}"
EndProject
Project("{8BC9CEB8-8B4A-11D0-8D11-00A0C91BC942}") = "duilibstatic", "duilibstatic\duilibstatic.vcxproj", "{C43DEFBE-156D-489D-83BB-D7C4A9D15D0D}"
EndProject
Project("{8BC9CEB8-8B4A-11D0-8D11-00A0C91BC942}") = "duitut", "duitut\duitut.vcxproj", "{8ECC920A-063A-4D39-BCD3-EDF471BDE4A8}"
	ProjectSection(ProjectDependencies) = postProject
		{C43DEFBE-156D-489D-83BB-D7C4A9D15D0D} = {C43DEFBE-156D-489D-83BB-D7C4A9D15D0D}
	EndProjectSection
EndProject
Project("{8BC9CEB8-8B4A-11D0-8D11-00A0C91BC942}") = "btvmgui", "btvmgui\btvmgui.vcxproj", "{489800DD-4F6F-4D85-8CE1-7074EB850121}"
	ProjectSection(ProjectDependencies) = postProject
		{C43DEFBE-156D-489D-83BB-D7C4A9D15D0D} = {C43DEFBE-156D-489D-83BB-D7C4A9D15D0D}
	EndProjectSection
EndProject
Project("{8BC9CEB8-8B4A-11D0-8D11-00A0C91BC942}") = "instwiz", "instwiz\instwiz.vcxproj", "{B8494D5E-EA44-4F2E-902D-E3566D0667E1}"
	ProjectSection(ProjectDependencies) = postProject
		{C43DEFBE-156D-489D-83BB-D7C4A9D15D0D} = {C43DEFBE-156D-489D-83BB-D7C4A9D15D0D}
	EndProjectSection
EndProject
Global
	GlobalSection(SolutionConfigurationPlatforms) = preSolution
		Debug|Win32 = Debug|Win32
		Debug|x64 = Debug|x64
		Release|Win32 = Release|Win32
		Release|x64 = Release|x64
		UnicdoeDebug|Win32 = UnicdoeDebug|Win32
		UnicdoeDebug|x64 = UnicdoeDebug|x64
		UnicodeRelease|Win32 = UnicodeRelease|Win32
		UnicodeRelease|x64 = UnicodeRelease|x64
	EndGlobalSection
	GlobalSection(ProjectConfigurationPlatforms) = postSolution
		{E106ACD7-4E53-4AEE-942B-D0DD426DB34E}.Debug|Win32.ActiveCfg = Debug|Win32
		{E106ACD7-4E53-4AEE-942B-D0DD426DB34E}.Debug|Win32.Build.0 = Debug|Win32
		{E106ACD7-4E53-4AEE-942B-D0DD426DB34E}.Debug|x64.ActiveCfg = Debug|x64
		{E106ACD7-4E53-4AEE-942B-D0DD426DB34E}.Debug|x64.Build.0 = Debug|x64
		{E106ACD7-4E53-4AEE-942B-D0DD426DB34E}.Release|Win32.ActiveCfg = Release|Win32
		{E106ACD7-4E53-4AEE-942B-D0DD426DB34E}.Release|Win32.Build.0 = Release|Win32
		{E106ACD7-4E53-4AEE-942B-D0DD426DB34E}.Release|x64.ActiveCfg = Release|x64
		{E106ACD7-4E53-4AEE-942B-D0DD426DB34E}.Release|x64.Build.0 = Release|x64
		{E106ACD7-4E53-4AEE-942B-D0DD426DB34E}.UnicdoeDebug|Win32.ActiveCfg = Debug|Win32
		{E106ACD7-4E53-4AEE-942B-D0DD426DB34E}.UnicdoeDebug|Win32.Build.0 = Debug|Win32
		{E106ACD7-4E53-4AEE-942B-D0DD426DB34E}.UnicdoeDebug|x64.ActiveCfg = UnicodeDebug|x64
		{E106ACD7-4E53-4AEE-942B-D0DD426DB34E}.UnicdoeDebug|x64.Build.0 = UnicodeDebug|x64
		{E106ACD7-4E53-4AEE-942B-D0DD426DB34E}.UnicodeRelease|Win32.ActiveCfg = UnicodeRelease|Win32
		{E106ACD7-4E53-4AEE-942B-D0DD426DB34E}.UnicodeRelease|Win32.Build.0 = UnicodeRelease|Win32
		{E106ACD7-4E53-4AEE-942B-D0DD426DB34E}.UnicodeRelease|x64.ActiveCfg = UnicodeRelease|x64
		{E106ACD7-4E53-4AEE-942B-D0DD426DB34E}.UnicodeRelease|x64.Build.0 = UnicodeRelease|x64
		{21B017E7-7805-40D5-9D96-AABF572F57D1}.Debug|Win32.ActiveCfg = Debug|Win32
		{21B017E7-7805-40D5-9D96-AABF572F57D1}.Debug|Win32.Build.0 = Debug|Win32
		{21B017E7-7805-40D5-9D96-AABF572F57D1}.Debug|x64.ActiveCfg = Debug|x64
		{21B017E7-7805-40D5-9D96-AABF572F57D1}.Debug|x64.Build.0 = Debug|x64
		{21B017E7-7805-40D5-9D96-AABF572F57D1}.Release|Win32.ActiveCfg = Release|Win32
		{21B017E7-7805-40D5-9D96-AABF572F57D1}.Release|Win32.Build.0 = Release|Win32
		{21B017E7-7805-40D5-9D96-AABF572F57D1}.Release|x64.ActiveCfg = Release|x64
		{21B017E7-7805-40D5-9D96-AABF572F57D1}.Release|x64.Build.0 = Release|x64
		{21B017E7-7805-40D5-9D96-AABF572F57D1}.UnicdoeDebug|Win32.ActiveCfg = Debug|Win32
		{21B017E7-7805-40D5-9D96-AABF572F57D1}.UnicdoeDebug|Win32.Build.0 = Debug|Win32
		{21B017E7-7805-40D5-9D96-AABF572F57D1}.UnicdoeDebug|x64.ActiveCfg = UnicodeDebug|x64
		{21B017E7-7805-40D5-9D96-AABF572F57D1}.UnicdoeDebug|x64.Build.0 = UnicodeDebug|x64
		{21B017E7-7805-40D5-9D96-AABF572F57D1}.UnicodeRelease|Win32.ActiveCfg = UnicodeRelease|Win32
		{21B017E7-7805-40D5-9D96-AABF572F57D1}.UnicodeRelease|Win32.Build.0 = UnicodeRelease|Win32
		{21B017E7-7805-40D5-9D96-AABF572F57D1}.UnicodeRelease|x64.ActiveCfg = UnicodeRelease|x64
		{21B017E7-7805-40D5-9D96-AABF572F57D1}.UnicodeRelease|x64.Build.0 = UnicodeRelease|x64
		{41B017E7-7805-40D5-9D96-AABF572F57D1}.Debug|Win32.ActiveCfg = Debug|Win32
		{41B017E7-7805-40D5-9D96-AABF572F57D1}.Debug|Win32.Build.0 = Debug|Win32
		{41B017E7-7805-40D5-9D96-AABF572F57D1}.Debug|x64.ActiveCfg = Debug|x64
		{41B017E7-7805-40D5-9D96-AABF572F57D1}.Debug|x64.Build.0 = Debug|x64
		{41B017E7-7805-40D5-9D96-AABF572F57D1}.Release|Win32.ActiveCfg = Release|Win32
		{41B017E7-7805-40D5-9D96-AABF572F57D1}.Release|Win32.Build.0 = Release|Win32
		{41B017E7-7805-40D5-9D96-AABF572F57D1}.Release|x64.ActiveCfg = Release|x64
		{41B017E7-7805-40D5-9D96-AABF572F57D1}.Release|x64.Build.0 = Release|x64
		{41B017E7-7805-40D5-9D96-AABF572F57D1}.UnicdoeDebug|Win32.ActiveCfg = Debug|Win32
		{41B017E7-7805-40D5-9D96-AABF572F57D1}.UnicdoeDebug|Win32.Build.0 = Debug|Win32
		{41B017E7-7805-40D5-9D96-AABF572F57D1}.UnicdoeDebug|x64.ActiveCfg = UnicodeDebug|x64
		{41B017E7-7805-40D5-9D96-AABF572F57D1}.UnicdoeDebug|x64.Build.0 = UnicodeDebug|x64
		{41B017E7-7805-40D5-9D96-AABF572F57D1}.UnicodeRelease|Win32.ActiveCfg = UnicodeRelease|Win32
		{41B017E7-7805-40D5-9D96-AABF572F57D1}.UnicodeRelease|Win32.Build.0 = UnicodeRelease|Win32
		{41B017E7-7805-40D5-9D96-AABF572F57D1}.UnicodeRelease|x64.ActiveCfg = UnicodeRelease|x64
		{41B017E7-7805-40D5-9D96-AABF572F57D1}.UnicodeRelease|x64.Build.0 = UnicodeRelease|x64
		{223017E7-7805-40D5-9D96-AABF572F57D1}.Debug|Win32.ActiveCfg = Debug|Win32
		{223017E7-7805-40D5-9D96-AABF572F57D1}.Debug|Win32.Build.0 = Debug|Win32
		{223017E7-7805-40D5-9D96-AABF572F57D1}.Debug|x64.ActiveCfg = Debug|x64
		{223017E7-7805-40D5-9D96-AABF572F57D1}.Debug|x64.Build.0 = Debug|x64
		{223017E7-7805-40D5-9D96-AABF572F57D1}.Release|Win32.ActiveCfg = Release|Win32
		{223017E7-7805-40D5-9D96-AABF572F57D1}.Release|Win32.Build.0 = Release|Win32
		{223017E7-7805-40D5-9D96-AABF572F57D1}.Release|x64.ActiveCfg = Release|x64
		{223017E7-7805-40D5-9D96-AABF572F57D1}.Release|x64.Build.0 = Release|x64
		{223017E7-7805-40D5-9D96-AABF572F57D1}.UnicdoeDebug|Win32.ActiveCfg = Debug|Win32
		{223017E7-7805-40D5-9D96-AABF572F57D1}.UnicdoeDebug|Win32.Build.0 = Debug|Win32
		{223017E7-7805-40D5-9D96-AABF572F57D1}.UnicdoeDebug|x64.ActiveCfg = UnicodeDebug|x64
		{223017E7-7805-40D5-9D96-AABF572F57D1}.UnicdoeDebug|x64.Build.0 = UnicodeDebug|x64
		{223017E7-7805-40D5-9D96-AABF572F57D1}.UnicodeRelease|Win32.ActiveCfg = UnicodeRelease|Win32
		{223017E7-7805-40D5-9D96-AABF572F57D1}.UnicodeRelease|Win32.Build.0 = UnicodeRelease|Win32
		{223017E7-7805-40D5-9D96-AABF572F57D1}.UnicodeRelease|x64.ActiveCfg = UnicodeRelease|x64
		{223017E7-7805-40D5-9D96-AABF572F57D1}.UnicodeRelease|x64.Build.0 = UnicodeRelease|x64
		{463FE628-A176-4C58-B005-3924BFD1E4E6}.Debug|Win32.ActiveCfg = Debug|Win32
		{463FE628-A176-4C58-B005-3924BFD1E4E6}.Debug|Win32.Build.0 = Debug|Win32
		{463FE628-A176-4C58-B005-3924BFD1E4E6}.Debug|x64.ActiveCfg = Debug|x64
		{463FE628-A176-4C58-B005-3924BFD1E4E6}.Debug|x64.Build.0 = Debug|x64
		{463FE628-A176-4C58-B005-3924BFD1E4E6}.Release|Win32.ActiveCfg = Release|Win32
		{463FE628-A176-4C58-B005-3924BFD1E4E6}.Release|Win32.Build.0 = Release|Win32
		{463FE628-A176-4C58-B005-3924BFD1E4E6}.Release|x64.ActiveCfg = Release|x64
		{463FE628-A176-4C58-B005-3924BFD1E4E6}.Release|x64.Build.0 = Release|x64
		{463FE628-A176-4C58-B005-3924BFD1E4E6}.UnicdoeDebug|Win32.ActiveCfg = Debug|Win32
		{463FE628-A176-4C58-B005-3924BFD1E4E6}.UnicdoeDebug|Win32.Build.0 = Debug|Win32
		{463FE628-A176-4C58-B005-3924BFD1E4E6}.UnicdoeDebug|x64.ActiveCfg = UnicodeDebug|x64
		{463FE628-A176-4C58-B005-3924BFD1E4E6}.UnicdoeDebug|x64.Build.0 = UnicodeDebug|x64
		{463FE628-A176-4C58-B005-3924BFD1E4E6}.UnicodeRelease|Win32.ActiveCfg = UnicodeRelease|Win32
		{463FE628-A176-4C58-B005-3924BFD1E4E6}.UnicodeRelease|Win32.Build.0 = UnicodeRelease|Win32
		{463FE628-A176-4C58-B005-3924BFD1E4E6}.UnicodeRelease|x64.ActiveCfg = UnicodeRelease|x64
		{463FE628-A176-4C58-B005-3924BFD1E4E6}.UnicodeRelease|x64.Build.0 = UnicodeRelease|x64
		{41B017E7-7805-40D5-9D96-AABF572F5700}.Debug|Win32.ActiveCfg = Debug|Win32
		{41B017E7-7805-40D5-9D96-AABF572F5700}.Debug|Win32.Build.0 = Debug|Win32
		{41B017E7-7805-40D5-9D96-AABF572F5700}.Debug|x64.ActiveCfg = Debug|x64
		{41B017E7-7805-40D5-9D96-AABF572F5700}.Debug|x64.Build.0 = Debug|x64
		{41B017E7-7805-40D5-9D96-AABF572F5700}.Release|Win32.ActiveCfg = Release|Win32
		{41B017E7-7805-40D5-9D96-AABF572F5700}.Release|Win32.Build.0 = Release|Win32
		{41B017E7-7805-40D5-9D96-AABF572F5700}.Release|x64.ActiveCfg = Release|x64
		{41B017E7-7805-40D5-9D96-AABF572F5700}.Release|x64.Build.0 = Release|x64
		{41B017E7-7805-40D5-9D96-AABF572F5700}.UnicdoeDebug|Win32.ActiveCfg = Debug|Win32
		{41B017E7-7805-40D5-9D96-AABF572F5700}.UnicdoeDebug|Win32.Build.0 = Debug|Win32
		{41B017E7-7805-40D5-9D96-AABF572F5700}.UnicdoeDebug|x64.ActiveCfg = UnicodeDebug|x64
		{41B017E7-7805-40D5-9D96-AABF572F5700}.UnicdoeDebug|x64.Build.0 = UnicodeDebug|x64
		{41B017E7-7805-40D5-9D96-AABF572F5700}.UnicodeRelease|Win32.ActiveCfg = UnicodeRelease|Win32
		{41B017E7-7805-40D5-9D96-AABF572F5700}.UnicodeRelease|Win32.Build.0 = UnicodeRelease|Win32
		{41B017E7-7805-40D5-9D96-AABF572F5700}.UnicodeRelease|x64.ActiveCfg = UnicodeRelease|x64
		{41B017E7-7805-40D5-9D96-AABF572F5700}.UnicodeRelease|x64.Build.0 = UnicodeRelease|x64
		{5EEA82DD-05C7-477F-8870-942E8758BFFF}.Debug|Win32.ActiveCfg = Debug|Win32
		{5EEA82DD-05C7-477F-8870-942E8758BFFF}.Debug|Win32.Build.0 = Debug|Win32
		{5EEA82DD-05C7-477F-8870-942E8758BFFF}.Debug|x64.ActiveCfg = Debug|x64
		{5EEA82DD-05C7-477F-8870-942E8758BFFF}.Debug|x64.Build.0 = Debug|x64
		{5EEA82DD-05C7-477F-8870-942E8758BFFF}.Release|Win32.ActiveCfg = Release|Win32
		{5EEA82DD-05C7-477F-8870-942E8758BFFF}.Release|Win32.Build.0 = Release|Win32
		{5EEA82DD-05C7-477F-8870-942E8758BFFF}.Release|x64.ActiveCfg = Release|x64
		{5EEA82DD-05C7-477F-8870-942E8758BFFF}.Release|x64.Build.0 = Release|x64
		{5EEA82DD-05C7-477F-8870-942E8758BFFF}.UnicdoeDebug|Win32.ActiveCfg = Debug|Win32
		{5EEA82DD-05C7-477F-8870-942E8758BFFF}.UnicdoeDebug|Win32.Build.0 = Debug|Win32
		{5EEA82DD-05C7-477F-8870-942E8758BFFF}.UnicdoeDebug|x64.ActiveCfg = UnicodeDebug|x64
		{5EEA82DD-05C7-477F-8870-942E8758BFFF}.UnicdoeDebug|x64.Build.0 = UnicodeDebug|x64
		{5EEA82DD-05C7-477F-8870-942E8758BFFF}.UnicodeRelease|Win32.ActiveCfg = UnicodeRelease|Win32
		{5EEA82DD-05C7-477F-8870-942E8758BFFF}.UnicodeRelease|Win32.Build.0 = UnicodeRelease|Win32
		{5EEA82DD-05C7-477F-8870-942E8758BFFF}.UnicodeRelease|x64.ActiveCfg = UnicodeRelease|x64
		{5EEA82DD-05C7-477F-8870-942E8758BFFF}.UnicodeRelease|x64.Build.0 = UnicodeRelease|x64
		{11A20D10-E0D7-447F-A546-8E4662C115C5}.Debug|Win32.ActiveCfg = Debug|Win32
		{11A20D10-E0D7-447F-A546-8E4662C115C5}.Debug|Win32.Build.0 = Debug|Win32
		{11A20D10-E0D7-447F-A546-8E4662C115C5}.Debug|x64.ActiveCfg = Debug|x64
		{11A20D10-E0D7-447F-A546-8E4662C115C5}.Debug|x64.Build.0 = Debug|x64
		{11A20D10-E0D7-447F-A546-8E4662C115C5}.Release|Win32.ActiveCfg = Release|Win32
		{11A20D10-E0D7-447F-A546-8E4662C115C5}.Release|Win32.Build.0 = Release|Win32
		{11A20D10-E0D7-447F-A546-8E4662C115C5}.Release|x64.ActiveCfg = Release|x64
		{11A20D10-E0D7-447F-A546-8E4662C115C5}.Release|x64.Build.0 = Release|x64
		{11A20D10-E0D7-447F-A546-8E4662C115C5}.UnicdoeDebug|Win32.ActiveCfg = Debug|Win32
		{11A20D10-E0D7-447F-A546-8E4662C115C5}.UnicdoeDebug|Win32.Build.0 = Debug|Win32
		{11A20D10-E0D7-447F-A546-8E4662C115C5}.UnicdoeDebug|x64.ActiveCfg = UnicodeDebug|x64
		{11A20D10-E0D7-447F-A546-8E4662C115C5}.UnicdoeDebug|x64.Build.0 = UnicodeDebug|x64
		{11A20D10-E0D7-447F-A546-8E4662C115C5}.UnicodeRelease|Win32.ActiveCfg = UnicodeRelease|Win32
		{11A20D10-E0D7-447F-A546-8E4662C115C5}.UnicodeRelease|Win32.Build.0 = UnicodeRelease|Win32
		{11A20D10-E0D7-447F-A546-8E4662C115C5}.UnicodeRelease|x64.ActiveCfg = UnicodeRelease|x64
		{11A20D10-E0D7-447F-A546-8E4662C115C5}.UnicodeRelease|x64.Build.0 = UnicodeRelease|x64
		{6F77AFCB-2F96-4573-8882-3578EBA8CA1D}.Debug|Win32.ActiveCfg = Debug|Win32
		{6F77AFCB-2F96-4573-8882-3578EBA8CA1D}.Debug|Win32.Build.0 = Debug|Win32
		{6F77AFCB-2F96-4573-8882-3578EBA8CA1D}.Debug|x64.ActiveCfg = Debug|x64
		{6F77AFCB-2F96-4573-8882-3578EBA8CA1D}.Debug|x64.Build.0 = Debug|x64
		{6F77AFCB-2F96-4573-8882-3578EBA8CA1D}.Release|Win32.ActiveCfg = Release|Win32
		{6F77AFCB-2F96-4573-8882-3578EBA8CA1D}.Release|Win32.Build.0 = Release|Win32
		{6F77AFCB-2F96-4573-8882-3578EBA8CA1D}.Release|x64.ActiveCfg = Release|x64
		{6F77AFCB-2F96-4573-8882-3578EBA8CA1D}.Release|x64.Build.0 = Release|x64
		{6F77AFCB-2F96-4573-8882-3578EBA8CA1D}.UnicdoeDebug|Win32.ActiveCfg = Debug|Win32
		{6F77AFCB-2F96-4573-8882-3578EBA8CA1D}.UnicdoeDebug|Win32.Build.0 = Debug|Win32
		{6F77AFCB-2F96-4573-8882-3578EBA8CA1D}.UnicdoeDebug|x64.ActiveCfg = UnicodeDebug|x64
		{6F77AFCB-2F96-4573-8882-3578EBA8CA1D}.UnicdoeDebug|x64.Build.0 = UnicodeDebug|x64
		{6F77AFCB-2F96-4573-8882-3578EBA8CA1D}.UnicodeRelease|Win32.ActiveCfg = UnicodeRelease|Win32
		{6F77AFCB-2F96-4573-8882-3578EBA8CA1D}.UnicodeRelease|Win32.Build.0 = UnicodeRelease|Win32
		{6F77AFCB-2F96-4573-8882-3578EBA8CA1D}.UnicodeRelease|x64.ActiveCfg = UnicodeRelease|x64
		{6F77AFCB-2F96-4573-8882-3578EBA8CA1D}.UnicodeRelease|x64.Build.0 = UnicodeRelease|x64
		{C43DEFBE-156D-489D-83BB-D7C4A9D15D0D}.Debug|Win32.ActiveCfg = Debug|Win32
		{C43DEFBE-156D-489D-83BB-D7C4A9D15D0D}.Debug|Win32.Build.0 = Debug|Win32
		{C43DEFBE-156D-489D-83BB-D7C4A9D15D0D}.Debug|x64.ActiveCfg = Debug|Win32
		{C43DEFBE-156D-489D-83BB-D7C4A9D15D0D}.Release|Win32.ActiveCfg = Release|Win32
		{C43DEFBE-156D-489D-83BB-D7C4A9D15D0D}.Release|Win32.Build.0 = Release|Win32
		{C43DEFBE-156D-489D-83BB-D7C4A9D15D0D}.Release|x64.ActiveCfg = Release|Win32
		{C43DEFBE-156D-489D-83BB-D7C4A9D15D0D}.UnicdoeDebug|Win32.ActiveCfg = Debug|Win32
		{C43DEFBE-156D-489D-83BB-D7C4A9D15D0D}.UnicdoeDebug|Win32.Build.0 = Debug|Win32
		{C43DEFBE-156D-489D-83BB-D7C4A9D15D0D}.UnicdoeDebug|x64.ActiveCfg = UnicodeDebug|x64
		{C43DEFBE-156D-489D-83BB-D7C4A9D15D0D}.UnicdoeDebug|x64.Build.0 = UnicodeDebug|x64
		{C43DEFBE-156D-489D-83BB-D7C4A9D15D0D}.UnicodeRelease|Win32.ActiveCfg = UnicodeRelease|Win32
		{C43DEFBE-156D-489D-83BB-D7C4A9D15D0D}.UnicodeRelease|Win32.Build.0 = UnicodeRelease|Win32
		{C43DEFBE-156D-489D-83BB-D7C4A9D15D0D}.UnicodeRelease|x64.ActiveCfg = UnicodeRelease|x64
		{C43DEFBE-156D-489D-83BB-D7C4A9D15D0D}.UnicodeRelease|x64.Build.0 = UnicodeRelease|x64
		{8ECC920A-063A-4D39-BCD3-EDF471BDE4A8}.Debug|Win32.ActiveCfg = Debug|Win32
		{8ECC920A-063A-4D39-BCD3-EDF471BDE4A8}.Debug|Win32.Build.0 = Debug|Win32
		{8ECC920A-063A-4D39-BCD3-EDF471BDE4A8}.Debug|x64.ActiveCfg = Debug|x64
		{8ECC920A-063A-4D39-BCD3-EDF471BDE4A8}.Debug|x64.Build.0 = Debug|x64
		{8ECC920A-063A-4D39-BCD3-EDF471BDE4A8}.Release|Win32.ActiveCfg = Release|Win32
		{8ECC920A-063A-4D39-BCD3-EDF471BDE4A8}.Release|Win32.Build.0 = Release|Win32
		{8ECC920A-063A-4D39-BCD3-EDF471BDE4A8}.Release|x64.ActiveCfg = Release|x64
		{8ECC920A-063A-4D39-BCD3-EDF471BDE4A8}.Release|x64.Build.0 = Release|x64
		{8ECC920A-063A-4D39-BCD3-EDF471BDE4A8}.UnicdoeDebug|Win32.ActiveCfg = UnicdoeDebug|Win32
		{8ECC920A-063A-4D39-BCD3-EDF471BDE4A8}.UnicdoeDebug|Win32.Build.0 = UnicdoeDebug|Win32
		{8ECC920A-063A-4D39-BCD3-EDF471BDE4A8}.UnicdoeDebug|x64.ActiveCfg = UnicdoeDebug|x64
		{8ECC920A-063A-4D39-BCD3-EDF471BDE4A8}.UnicdoeDebug|x64.Build.0 = UnicdoeDebug|x64
		{8ECC920A-063A-4D39-BCD3-EDF471BDE4A8}.UnicodeRelease|Win32.ActiveCfg = UnicodeRelease|Win32
		{8ECC920A-063A-4D39-BCD3-EDF471BDE4A8}.UnicodeRelease|Win32.Build.0 = UnicodeRelease|Win32
		{8ECC920A-063A-4D39-BCD3-EDF471BDE4A8}.UnicodeRelease|x64.ActiveCfg = UnicodeRelease|x64
		{8ECC920A-063A-4D39-BCD3-EDF471BDE4A8}.UnicodeRelease|x64.Build.0 = UnicodeRelease|x64
		{489800DD-4F6F-4D85-8CE1-7074EB850121}.Debug|Win32.ActiveCfg = Debug|Win32
		{489800DD-4F6F-4D85-8CE1-7074EB850121}.Debug|Win32.Build.0 = Debug|Win32
		{489800DD-4F6F-4D85-8CE1-7074EB850121}.Debug|x64.ActiveCfg = Debug|Win32
		{489800DD-4F6F-4D85-8CE1-7074EB850121}.Release|Win32.ActiveCfg = Release|Win32
		{489800DD-4F6F-4D85-8CE1-7074EB850121}.Release|Win32.Build.0 = Release|Win32
		{489800DD-4F6F-4D85-8CE1-7074EB850121}.Release|x64.ActiveCfg = Release|Win32
		{489800DD-4F6F-4D85-8CE1-7074EB850121}.UnicdoeDebug|Win32.ActiveCfg = Debug|Win32
		{489800DD-4F6F-4D85-8CE1-7074EB850121}.UnicdoeDebug|Win32.Build.0 = Debug|Win32
		{489800DD-4F6F-4D85-8CE1-7074EB850121}.UnicdoeDebug|x64.ActiveCfg = Release|Win32
		{489800DD-4F6F-4D85-8CE1-7074EB850121}.UnicdoeDebug|x64.Build.0 = Release|Win32
		{489800DD-4F6F-4D85-8CE1-7074EB850121}.UnicodeRelease|Win32.ActiveCfg = Release|Win32
		{489800DD-4F6F-4D85-8CE1-7074EB850121}.UnicodeRelease|Win32.Build.0 = Release|Win32
		{489800DD-4F6F-4D85-8CE1-7074EB850121}.UnicodeRelease|x64.ActiveCfg = UnicodeRelease|x64
		{489800DD-4F6F-4D85-8CE1-7074EB850121}.UnicodeRelease|x64.Build.0 = UnicodeRelease|x64
		{B8494D5E-EA44-4F2E-902D-E3566D0667E1}.Debug|Win32.ActiveCfg = Debug|Win32
		{B8494D5E-EA44-4F2E-902D-E3566D0667E1}.Debug|Win32.Build.0 = Debug|Win32
		{B8494D5E-EA44-4F2E-902D-E3566D0667E1}.Debug|x64.ActiveCfg = Debug|x64
		{B8494D5E-EA44-4F2E-902D-E3566D0667E1}.Debug|x64.Build.0 = Debug|x64
		{B8494D5E-EA44-4F2E-902D-E3566D0667E1}.Release|Win32.ActiveCfg = Release|Win32
		{B8494D5E-EA44-4F2E-902D-E3566D0667E1}.Release|Win32.Build.0 = Release|Win32
		{B8494D5E-EA44-4F2E-902D-E3566D0667E1}.Release|x64.ActiveCfg = Release|x64
		{B8494D5E-EA44-4F2E-902D-E3566D0667E1}.Release|x64.Build.0 = Release|x64
		{B8494D5E-EA44-4F2E-902D-E3566D0667E1}.UnicdoeDebug|Win32.ActiveCfg = Debug|Win32
		{B8494D5E-EA44-4F2E-902D-E3566D0667E1}.UnicdoeDebug|Win32.Build.0 = Debug|Win32
		{B8494D5E-EA44-4F2E-902D-E3566D0667E1}.UnicdoeDebug|x64.ActiveCfg = Debug|x64
		{B8494D5E-EA44-4F2E-902D-E3566D0667E1}.UnicdoeDebug|x64.Build.0 = Debug|x64
		{B8494D5E-EA44-4F2E-902D-E3566D0667E1}.UnicodeRelease|Win32.ActiveCfg = UnicodeRelease|Win32
		{B8494D5E-EA44-4F2E-902D-E3566D0667E1}.UnicodeRelease|Win32.Build.0 = UnicodeRelease|Win32
		{B8494D5E-EA44-4F2E-902D-E3566D0667E1}.UnicodeRelease|x64.ActiveCfg = Release|x64
		{B8494D5E-EA44-4F2E-902D-E3566D0667E1}.UnicodeRelease|x64.Build.0 = Release|x64
	EndGlobalSection
	GlobalSection(SolutionProperties) = preSolution
		HideSolutionNode = FALSE
	EndGlobalSection
EndGlobal
